
Microsoft Visual Studio Solution File, Format Version 12.00
# Visual Studio Version 17
VisualStudioVersion = 17.8.34330.188
MinimumVisualStudioVersion = 10.0.40219.1
Project("{FAE04EC0-301F-11D3-BF4B-00C04F79EFBC}") = "HangMan", "HangMan\HangMan.csproj", "{EF9DC24F-15AE-4F82-9246-42080224FBF8}"
EndProject
Global
	GlobalSection(SolutionConfigurationPlatforms) = preSolution
		Debug|Any CPU = Debug|Any CPU
		Release|Any CPU = Release|Any CPU
	EndGlobalSection
	GlobalSection(ProjectConfigurationPlatforms) = postSolution
		{EF9DC24F-15AE-4F82-9246-42080224FBF8}.Debug|Any CPU.ActiveCfg = Debug|Any CPU
		{EF9DC24F-15AE-4F82-9246-42080224FBF8}.Debug|Any CPU.Build.0 = Debug|Any CPU
		{EF9DC24F-15AE-4F82-9246-42080224FBF8}.Release|Any CPU.ActiveCfg = Release|Any CPU
		{EF9DC24F-15AE-4F82-9246-42080224FBF8}.Release|Any CPU.Build.0 = Release|Any CPU
	EndGlobalSection
	GlobalSection(SolutionProperties) = preSolution
		HideSolutionNode = FALSE
	EndGlobalSection
	GlobalSection(ExtensibilityGlobals) = postSolution
		SolutionGuid = {E5EF6494-A229-4807-AC9A-898D14CDDEB8}
	EndGlobalSection
EndGlobal
